
Microsoft Visual Studio Solution File, Format Version 12.00
# Visual Studio for Mac
Project("{FAE04EC0-301F-11D3-BF4B-00C04F79EFBC}") = "VuforiaScripts", "VuforiaScripts.csproj", "{B6CB92F8-E256-9859-005C-CEDFA8B2CF60}"
EndProject
Project("{FAE04EC0-301F-11D3-BF4B-00C04F79EFBC}") = "Assembly-CSharp", "Assembly-CSharp.csproj", "{5CE2EA00-DC35-A1EB-03E6-9ACA73B80F7E}"
EndProject
Project("{FAE04EC0-301F-11D3-BF4B-00C04F79EFBC}") = "VuforiaEditorScripts", "VuforiaEditorScripts.csproj", "{F9BABA8C-ABE9-6CC1-3223-3D6E627D9FEF}"
EndProject
Global
	GlobalSection(SolutionConfigurationPlatforms) = preSolution
		Debug|Any CPU = Debug|Any CPU
		Release|Any CPU = Release|Any CPU
	EndGlobalSection
	GlobalSection(ProjectConfigurationPlatforms) = postSolution
		{B6CB92F8-E256-9859-005C-CEDFA8B2CF60}.Debug|Any CPU.ActiveCfg = Debug|Any CPU
		{B6CB92F8-E256-9859-005C-CEDFA8B2CF60}.Debug|Any CPU.Build.0 = Debug|Any CPU
		{B6CB92F8-E256-9859-005C-CEDFA8B2CF60}.Release|Any CPU.ActiveCfg = Release|Any CPU
		{B6CB92F8-E256-9859-005C-CEDFA8B2CF60}.Release|Any CPU.Build.0 = Release|Any CPU
		{5CE2EA00-DC35-A1EB-03E6-9ACA73B80F7E}.Debug|Any CPU.ActiveCfg = Debug|Any CPU
		{5CE2EA00-DC35-A1EB-03E6-9ACA73B80F7E}.Debug|Any CPU.Build.0 = Debug|Any CPU
		{5CE2EA00-DC35-A1EB-03E6-9ACA73B80F7E}.Release|Any CPU.ActiveCfg = Release|Any CPU
		{5CE2EA00-DC35-A1EB-03E6-9ACA73B80F7E}.Release|Any CPU.Build.0 = Release|Any CPU
		{F9BABA8C-ABE9-6CC1-3223-3D6E627D9FEF}.Debug|Any CPU.ActiveCfg = Debug|Any CPU
		{F9BABA8C-ABE9-6CC1-3223-3D6E627D9FEF}.Debug|Any CPU.Build.0 = Debug|Any CPU
		{F9BABA8C-ABE9-6CC1-3223-3D6E627D9FEF}.Release|Any CPU.ActiveCfg = Release|Any CPU
		{F9BABA8C-ABE9-6CC1-3223-3D6E627D9FEF}.Release|Any CPU.Build.0 = Release|Any CPU
	EndGlobalSection
	GlobalSection(SolutionProperties) = preSolution
		HideSolutionNode = FALSE
	EndGlobalSection
EndGlobal
